// !$*UTF8*$!
{
	archiveVersion = 1;
	classes = {
	};
	objectVersion = 46;
	objects = {

/* Begin PBXBuildFile section */
		B56ED7411CBBAFD70074B210 /* main.m in Sources */ = {isa = PBXBuildFile; fileRef = B56ED7401CBBAFD70074B210 /* main.m */; };
		B56ED7441CBBAFD70074B210 /* AppDelegate.m in Sources */ = {isa = PBXBuildFile; fileRef = B56ED7431CBBAFD70074B210 /* AppDelegate.m */; };
		B56ED7471CBBAFD70074B210 /* ViewController.m in Sources */ = {isa = PBXBuildFile; fileRef = B56ED7461CBBAFD70074B210 /* ViewController.m */; };
		B56ED74A1CBBAFD70074B210 /* Main.storyboard in Resources */ = {isa = PBXBuildFile; fileRef = B56ED7481CBBAFD70074B210 /* Main.storyboard */; };
		B56ED74C1CBBAFD70074B210 /* Assets.xcassets in Resources */ = {isa = PBXBuildFile; fileRef = B56ED74B1CBBAFD70074B210 /* Assets.xcassets */; };
		B56ED74F1CBBAFD70074B210 /* LaunchScreen.storyboard in Resources */ = {isa = PBXBuildFile; fileRef = B56ED74D1CBBAFD70074B210 /* LaunchScreen.storyboard */; };
		B56ED75A1CBBAFD80074B210 /* demo1Tests.m in Sources */ = {isa = PBXBuildFile; fileRef = B56ED7591CBBAFD80074B210 /* demo1Tests.m */; };
		B56ED7651CBBAFD80074B210 /* demo1UITests.m in Sources */ = {isa = PBXBuildFile; fileRef = B56ED7641CBBAFD80074B210 /* demo1UITests.m */; };
/* End PBXBuildFile section */

/* Begin PBXContainerItemProxy section */
		B56ED7561CBBAFD80074B210 /* PBXContainerItemProxy */ = {
			isa = PBXContainerItemProxy;
			containerPortal = B56ED7341CBBAFD70074B210 /* Project object */;
			proxyType = 1;
			remoteGlobalIDString = B56ED73B1CBBAFD70074B210;
			remoteInfo = demo1;
		};
		B56ED7611CBBAFD80074B210 /* PBXContainerItemProxy */ = {
			isa = PBXContainerItemProxy;
			containerPortal = B56ED7341CBBAFD70074B210 /* Project object */;
			proxyType = 1;
			remoteGlobalIDString = B56ED73B1CBBAFD70074B210;
			remoteInfo = demo1;
		};
/* End PBXContainerItemProxy section */

/* Begin PBXFileReference section */
		B56ED73C1CBBAFD70074B210 /* demo1.app */ = {isa = PBXFileReference; explicitFileType = wrapper.application; includeInIndex = 0; path = demo1.app; sourceTree = BUILT_PRODUCTS_DIR; };
		B56ED7401CBBAFD70074B210 /* main.m */ = {isa = PBXFileReference; lastKnownFileType = sourcecode.c.objc; path = main.m; sourceTree = "<group>"; };
		B56ED7421CBBAFD70074B210 /* AppDelegate.h */ = {isa = PBXFileReference; lastKnownFileType = sourcecode.c.h; path = AppDelegate.h; sourceTree = "<group>"; };
		B56ED7431CBBAFD70074B210 /* AppDelegate.m */ = {isa = PBXFileReference; lastKnownFileType = sourcecode.c.objc; path = AppDelegate.m; sourceTree = "<group>"; };
		B56ED7451CBBAFD70074B210 /* ViewController.h */ = {isa = PBXFileReference; lastKnownFileType = sourcecode.c.h; path = ViewController.h; sourceTree = "<group>"; };
		B56ED7461CBBAFD70074B210 /* ViewController.m */ = {isa = PBXFileReference; lastKnownFileType = sourcecode.c.objc; path = ViewController.m; sourceTree = "<group>"; };
		B56ED7491CBBAFD70074B210 /* Base */ = {isa = PBXFileReference; lastKnownFileType = file.storyboard; name = Base; path = Base.lproj/Main.storyboard; sourceTree = "<group>"; };
		B56ED74B1CBBAFD70074B210 /* Assets.xcassets */ = {isa = PBXFileReference; lastKnownFileType = folder.assetcatalog; path = Assets.xcassets; sourceTree = "<group>"; };
		B56ED74E1CBBAFD70074B210 /* Base */ = {isa = PBXFileReference; lastKnownFileType = file.storyboard; name = Base; path = Base.lproj/LaunchScreen.storyboard; sourceTree = "<group>"; };
		B56ED7501CBBAFD70074B210 /* Info.plist */ = {isa = PBXFileReference; lastKnownFileType = text.plist.xml; path = Info.plist; sourceTree = "<group>"; };
		B56ED7551CBBAFD80074B210 /* demo1Tests.xctest */ = {isa = PBXFileReference; explicitFileType = wrapper.cfbundle; includeInIndex = 0; path = demo1Tests.xctest; sourceTree = BUILT_PRODUCTS_DIR; };
		B56ED7591CBBAFD80074B210 /* demo1Tests.m */ = {isa = PBXFileReference; lastKnownFileType = sourcecode.c.objc; path = demo1Tests.m; sourceTree = "<group>"; };
		B56ED75B1CBBAFD80074B210 /* Info.plist */ = {isa = PBXFileReference; lastKnownFileType = text.plist.xml; path = Info.plist; sourceTree = "<group>"; };
		B56ED7601CBBAFD80074B210 /* demo1UITests.xctest */ = {isa = PBXFileReference; explicitFileType = wrapper.cfbundle; includeInIndex = 0; path = demo1UITests.xctest; sourceTree = BUILT_PRODUCTS_DIR; };
		B56ED7641CBBAFD80074B210 /* demo1UITests.m */ = {isa = PBXFileReference; lastKnownFileType = sourcecode.c.objc; path = demo1UITests.m; sourceTree = "<group>"; };
		B56ED7661CBBAFD80074B210 /* Info.plist */ = {isa = PBXFileReference; lastKnownFileType = text.plist.xml; path = Info.plist; sourceTree = "<group>"; };
/* End PBXFileReference section */

/* Begin PBXFrameworksBuildPhase section */
		B56ED7391CBBAFD70074B210 /* Frameworks */ = {
			isa = PBXFrameworksBuildPhase;
			buildActionMask = 2147483647;
			files = (
			);
			runOnlyForDeploymentPostprocessing = 0;
		};
		B56ED7521CBBAFD80074B210 /* Frameworks */ = {
			isa = PBXFrameworksBuildPhase;
			buildActionMask = 2147483647;
			files = (
			);
			runOnlyForDeploymentPostprocessing = 0;
		};
		B56ED75D1CBBAFD80074B210 /* Frameworks */ = {
			isa = PBXFrameworksBuildPhase;
			buildActionMask = 2147483647;
			files = (
			);
			runOnlyForDeploymentPostprocessing = 0;
		};
/* End PBXFrameworksBuildPhase section */

/* Begin PBXGroup section */
		B56ED7331CBBAFD70074B210 = {
			isa = PBXGroup;
			children = (
				B56ED73E1CBBAFD70074B210 /* demo1 */,
				B56ED7581CBBAFD80074B210 /* demo1Tests */,
				B56ED7631CBBAFD80074B210 /* demo1UITests */,
				B56ED73D1CBBAFD70074B210 /* Products */,
			);
			sourceTree = "<group>";
		};
		B56ED73D1CBBAFD70074B210 /* Products */ = {
			isa = PBXGroup;
			children = (
				B56ED73C1CBBAFD70074B210 /* demo1.app */,
				B56ED7551CBBAFD80074B210 /* demo1Tests.xctest */,
				B56ED7601CBBAFD80074B210 /* demo1UITests.xctest */,
			);
			name = Products;
			sourceTree = "<group>";
		};
		B56ED73E1CBBAFD70074B210 /* demo1 */ = {
			isa = PBXGroup;
			children = (
				B56ED7421CBBAFD70074B210 /* AppDelegate.h */,
				B56ED7431CBBAFD70074B210 /* AppDelegate.m */,
				B56ED7451CBBAFD70074B210 /* ViewController.h */,
				B56ED7461CBBAFD70074B210 /* ViewController.m */,
				B56ED7481CBBAFD70074B210 /* Main.storyboard */,
				B56ED74B1CBBAFD70074B210 /* Assets.xcassets */,
				B56ED74D1CBBAFD70074B210 /* LaunchScreen.storyboard */,
				B56ED7501CBBAFD70074B210 /* Info.plist */,
				B56ED73F1CBBAFD70074B210 /* Supporting Files */,
			);
			path = demo1;
			sourceTree = "<group>";
		};
		B56ED73F1CBBAFD70074B210 /* Supporting Files */ = {
			isa = PBXGroup;
			children = (
				B56ED7401CBBAFD70074B210 /* main.m */,
			);
			name = "Supporting Files";
			sourceTree = "<group>";
		};
		B56ED7581CBBAFD80074B210 /* demo1Tests */ = {
			isa = PBXGroup;
			children = (
				B56ED7591CBBAFD80074B210 /* demo1Tests.m */,
				B56ED75B1CBBAFD80074B210 /* Info.plist */,
			);
			path = demo1Tests;
			sourceTree = "<group>";
		};
		B56ED7631CBBAFD80074B210 /* demo1UITests */ = {
			isa = PBXGroup;
			children = (
				B56ED7641CBBAFD80074B210 /* demo1UITests.m */,
				B56ED7661CBBAFD80074B210 /* Info.plist */,
			);
			path = demo1UITests;
			sourceTree = "<group>";
		};
/* End PBXGroup section */

/* Begin PBXNativeTarget section */
		B56ED73B1CBBAFD70074B210 /* demo1 */ = {
			isa = PBXNativeTarget;
			buildConfigurationList = B56ED7691CBBAFD80074B210 /* Build configuration list for PBXNativeTarget "demo1" */;
			buildPhases = (
				B56ED7381CBBAFD70074B210 /* Sources */,
				B56ED7391CBBAFD70074B210 /* Frameworks */,
				B56ED73A1CBBAFD70074B210 /* Resources */,
			);
			buildRules = (
			);
			dependencies = (
			);
			name = demo1;
			productName = demo1;
			productReference = B56ED73C1CBBAFD70074B210 /* demo1.app */;
			productType = "com.apple.product-type.application";
		};
		B56ED7541CBBAFD80074B210 /* demo1Tests */ = {
			isa = PBXNativeTarget;
			buildConfigurationList = B56ED76C1CBBAFD80074B210 /* Build configuration list for PBXNativeTarget "demo1Tests" */;
			buildPhases = (
				B56ED7511CBBAFD80074B210 /* Sources */,
				B56ED7521CBBAFD80074B210 /* Frameworks */,
				B56ED7531CBBAFD80074B210 /* Resources */,
			);
			buildRules = (
			);
			dependencies = (
				B56ED7571CBBAFD80074B210 /* PBXTargetDependency */,
			);
			name = demo1Tests;
			productName = demo1Tests;
			productReference = B56ED7551CBBAFD80074B210 /* demo1Tests.xctest */;
			productType = "com.apple.product-type.bundle.unit-test";
		};
		B56ED75F1CBBAFD80074B210 /* demo1UITests */ = {
			isa = PBXNativeTarget;
			buildConfigurationList = B56ED76F1CBBAFD80074B210 /* Build configuration list for PBXNativeTarget "demo1UITests" */;
			buildPhases = (
				B56ED75C1CBBAFD80074B210 /* Sources */,
				B56ED75D1CBBAFD80074B210 /* Frameworks */,
				B56ED75E1CBBAFD80074B210 /* Resources */,
			);
			buildRules = (
			);
			dependencies = (
				B56ED7621CBBAFD80074B210 /* PBXTargetDependency */,
			);
			name = demo1UITests;
			productName = demo1UITests;
			productReference = B56ED7601CBBAFD80074B210 /* demo1UITests.xctest */;
			productType = "com.apple.product-type.bundle.ui-testing";
		};
/* End PBXNativeTarget section */

/* Begin PBXProject section */
		B56ED7341CBBAFD70074B210 /* Project object */ = {
			isa = PBXProject;
			attributes = {
				LastUpgradeCheck = 0730;
				ORGANIZATIONNAME = "Emma Immink";
				TargetAttributes = {
					B56ED73B1CBBAFD70074B210 = {
						CreatedOnToolsVersion = 7.3;
					};
					B56ED7541CBBAFD80074B210 = {
						CreatedOnToolsVersion = 7.3;
						TestTargetID = B56ED73B1CBBAFD70074B210;
					};
					B56ED75F1CBBAFD80074B210 = {
						CreatedOnToolsVersion = 7.3;
						TestTargetID = B56ED73B1CBBAFD70074B210;
					};
				};
			};
			buildConfigurationList = B56ED7371CBBAFD70074B210 /* Build configuration list for PBXProject "demo1" */;
			compatibilityVersion = "Xcode 3.2";
			developmentRegion = English;
			hasScannedForEncodings = 0;
			knownRegions = (
				en,
				Base,
			);
			mainGroup = B56ED7331CBBAFD70074B210;
			productRefGroup = B56ED73D1CBBAFD70074B210 /* Products */;
			projectDirPath = "";
			projectRoot = "";
			targets = (
				B56ED73B1CBBAFD70074B210 /* demo1 */,
				B56ED7541CBBAFD80074B210 /* demo1Tests */,
				B56ED75F1CBBAFD80074B210 /* demo1UITests */,
			);
		};
/* End PBXProject section */

/* Begin PBXResourcesBuildPhase section */
		B56ED73A1CBBAFD70074B210 /* Resources */ = {
			isa = PBXResourcesBuildPhase;
			buildActionMask = 2147483647;
			files = (
				B56ED74F1CBBAFD70074B210 /* LaunchScreen.storyboard in Resources */,
				B56ED74C1CBBAFD70074B210 /* Assets.xcassets in Resources */,
				B56ED74A1CBBAFD70074B210 /* Main.storyboard in Resources */,
			);
			runOnlyForDeploymentPostprocessing = 0;
		};
		B56ED7531CBBAFD80074B210 /* Resources */ = {
			isa = PBXResourcesBuildPhase;
			buildActionMask = 2147483647;
			files = (
			);
			runOnlyForDeploymentPostprocessing = 0;
		};
		B56ED75E1CBBAFD80074B210 /* Resources */ = {
			isa = PBXResourcesBuildPhase;
			buildActionMask = 2147483647;
			files = (
			);
			runOnlyForDeploymentPostprocessing = 0;
		};
/* End PBXResourcesBuildPhase section */

/* Begin PBXSourcesBuildPhase section */
		B56ED7381CBBAFD70074B210 /* Sources */ = {
			isa = PBXSourcesBuildPhase;
			buildActionMask = 2147483647;
			files = (
				B56ED7471CBBAFD70074B210 /* ViewController.m in Sources */,
				B56ED7441CBBAFD70074B210 /* AppDelegate.m in Sources */,
				B56ED7411CBBAFD70074B210 /* main.m in Sources */,
			);
			runOnlyForDeploymentPostprocessing = 0;
		};
		B56ED7511CBBAFD80074B210 /* Sources */ = {
			isa = PBXSourcesBuildPhase;
			buildActionMask = 2147483647;
			files = (
				B56ED75A1CBBAFD80074B210 /* demo1Tests.m in Sources */,
			);
			runOnlyForDeploymentPostprocessing = 0;
		};
		B56ED75C1CBBAFD80074B210 /* Sources */ = {
			isa = PBXSourcesBuildPhase;
			buildActionMask = 2147483647;
			files = (
				B56ED7651CBBAFD80074B210 /* demo1UITests.m in Sources */,
			);
			runOnlyForDeploymentPostprocessing = 0;
		};
/* End PBXSourcesBuildPhase section */

/* Begin PBXTargetDependency section */
		B56ED7571CBBAFD80074B210 /* PBXTargetDependency */ = {
			isa = PBXTargetDependency;
			target = B56ED73B1CBBAFD70074B210 /* demo1 */;
			targetProxy = B56ED7561CBBAFD80074B210 /* PBXContainerItemProxy */;
		};
		B56ED7621CBBAFD80074B210 /* PBXTargetDependency */ = {
			isa = PBXTargetDependency;
			target = B56ED73B1CBBAFD70074B210 /* demo1 */;
			targetProxy = B56ED7611CBBAFD80074B210 /* PBXContainerItemProxy */;
		};
/* End PBXTargetDependency section */

/* Begin PBXVariantGroup section */
		B56ED7481CBBAFD70074B210 /* Main.storyboard */ = {
			isa = PBXVariantGroup;
			children = (
				B56ED7491CBBAFD70074B210 /* Base */,
			);
			name = Main.storyboard;
			sourceTree = "<group>";
		};
		B56ED74D1CBBAFD70074B210 /* LaunchScreen.storyboard */ = {
			isa = PBXVariantGroup;
			children = (
				B56ED74E1CBBAFD70074B210 /* Base */,
			);
			name = LaunchScreen.storyboard;
			sourceTree = "<group>";
		};
/* End PBXVariantGroup section */

/* Begin XCBuildConfiguration section */
		B56ED7671CBBAFD80074B210 /* Debug */ = {
			isa = XCBuildConfiguration;
			buildSettings = {
				ALWAYS_SEARCH_USER_PATHS = NO;
				CLANG_ANALYZER_NONNULL = YES;
				CLANG_CXX_LANGUAGE_STANDARD = "gnu++0x";
				CLANG_CXX_LIBRARY = "libc++";
				CLANG_ENABLE_MODULES = YES;
				CLANG_ENABLE_OBJC_ARC = YES;
				CLANG_WARN_BOOL_CONVERSION = YES;
				CLANG_WARN_CONSTANT_CONVERSION = YES;
				CLANG_WARN_DIRECT_OBJC_ISA_USAGE = YES_ERROR;
				CLANG_WARN_EMPTY_BODY = YES;
				CLANG_WARN_ENUM_CONVERSION = YES;
				CLANG_WARN_INT_CONVERSION = YES;
				CLANG_WARN_OBJC_ROOT_CLASS = YES_ERROR;
				CLANG_WARN_UNREACHABLE_CODE = YES;
				CLANG_WARN__DUPLICATE_METHOD_MATCH = YES;
				"CODE_SIGN_IDENTITY[sdk=iphoneos*]" = "iPhone Developer";
				COPY_PHASE_STRIP = NO;
				DEBUG_INFORMATION_FORMAT = dwarf;
				ENABLE_STRICT_OBJC_MSGSEND = YES;
				ENABLE_TESTABILITY = YES;
				GCC_C_LANGUAGE_STANDARD = gnu99;
				GCC_DYNAMIC_NO_PIC = NO;
				GCC_NO_COMMON_BLOCKS = YES;
				GCC_OPTIMIZATION_LEVEL = 0;
				GCC_PREPROCESSOR_DEFINITIONS = (
					"DEBUG=1",
					"$(inherited)",
				);
				GCC_WARN_64_TO_32_BIT_CONVERSION = YES;
				GCC_WARN_ABOUT_RETURN_TYPE = YES_ERROR;
				GCC_WARN_UNDECLARED_SELECTOR = YES;
				GCC_WARN_UNINITIALIZED_AUTOS = YES_AGGRESSIVE;
				GCC_WARN_UNUSED_FUNCTION = YES;
				GCC_WARN_UNUSED_VARIABLE = YES;
				IPHONEOS_DEPLOYMENT_TARGET = 9.3;
				MTL_ENABLE_DEBUG_INFO = YES;
				ONLY_ACTIVE_ARCH = YES;
				SDKROOT = iphoneos;
				TARGETED_DEVICE_FAMILY = "1,2";
			};
			name = Debug;
		};
		B56ED7681CBBAFD80074B210 /* Release */ = {
			isa = XCBuildConfiguration;
			buildSettings = {
				ALWAYS_SEARCH_USER_PATHS = NO;
				CLANG_ANALYZER_NONNULL = YES;
				CLANG_CXX_LANGUAGE_STANDARD = "gnu++0x";
				CLANG_CXX_LIBRARY = "libc++";
				CLANG_ENABLE_MODULES = YES;
				CLANG_ENABLE_OBJC_ARC = YES;
				CLANG_WARN_BOOL_CONVERSION = YES;
				CLANG_WARN_CONSTANT_CONVERSION = YES;
				CLANG_WARN_DIRECT_OBJC_ISA_USAGE = YES_ERROR;
				CLANG_WARN_EMPTY_BODY = YES;
				CLANG_WARN_ENUM_CONVERSION = YES;
				CLANG_WARN_INT_CONVERSION = YES;
				CLANG_WARN_OBJC_ROOT_CLASS = YES_ERROR;
				CLANG_WARN_UNREACHABLE_CODE = YES;
				CLANG_WARN__DUPLICATE_METHOD_MATCH = YES;
				"CODE_SIGN_IDENTITY[sdk=iphoneos*]" = "iPhone Developer";
				COPY_PHASE_STRIP = NO;
				DEBUG_INFORMATION_FORMAT = "dwarf-with-dsym";
				ENABLE_NS_ASSERTIONS = NO;
				ENABLE_STRICT_OBJC_MSGSEND = YES;
				GCC_C_LANGUAGE_STANDARD = gnu99;
				GCC_NO_COMMON_BLOCKS = YES;
				GCC_WARN_64_TO_32_BIT_CONVERSION = YES;
				GCC_WARN_ABOUT_RETURN_TYPE = YES_ERROR;
				GCC_WARN_UNDECLARED_SELECTOR = YES;
				GCC_WARN_UNINITIALIZED_AUTOS = YES_AGGRESSIVE;
				GCC_WARN_UNUSED_FUNCTION = YES;
				GCC_WARN_UNUSED_VARIABLE = YES;
				IPHONEOS_DEPLOYMENT_TARGET = 9.3;
				MTL_ENABLE_DEBUG_INFO = NO;
				SDKROOT = iphoneos;
				TARGETED_DEVICE_FAMILY = "1,2";
				VALIDATE_PRODUCT = YES;
			};
			name = Release;
		};
		B56ED76A1CBBAFD80074B210 /* Debug */ = {
			isa = XCBuildConfiguration;
			buildSettings = {
				ASSETCATALOG_COMPILER_APPICON_NAME = AppIcon;
				INFOPLIST_FILE = demo1/Info.plist;
				LD_RUNPATH_SEARCH_PATHS = "$(inherited) @executable_path/Frameworks";
				PRODUCT_BUNDLE_IDENTIFIER = nl.mprog.demo1;
				PRODUCT_NAME = "$(TARGET_NAME)";
			};
			name = Debug;
		};
		B56ED76B1CBBAFD80074B210 /* Release */ = {
			isa = XCBuildConfiguration;
			buildSettings = {
				ASSETCATALOG_COMPILER_APPICON_NAME = AppIcon;
				INFOPLIST_FILE = demo1/Info.plist;
				LD_RUNPATH_SEARCH_PATHS = "$(inherited) @executable_path/Frameworks";
				PRODUCT_BUNDLE_IDENTIFIER = nl.mprog.demo1;
				PRODUCT_NAME = "$(TARGET_NAME)";
			};
			name = Release;
		};
		B56ED76D1CBBAFD80074B210 /* Debug */ = {
			isa = XCBuildConfiguration;
			buildSettings = {
				BUNDLE_LOADER = "$(TEST_HOST)";
				INFOPLIST_FILE = demo1Tests/Info.plist;
				LD_RUNPATH_SEARCH_PATHS = "$(inherited) @executable_path/Frameworks @loader_path/Frameworks";
				PRODUCT_BUNDLE_IDENTIFIER = nl.mprog.demo1Tests;
				PRODUCT_NAME = "$(TARGET_NAME)";
				TEST_HOST = "$(BUILT_PRODUCTS_DIR)/demo1.app/demo1";
			};
			name = Debug;
		};
		B56ED76E1CBBAFD80074B210 /* Release */ = {
			isa = XCBuildConfiguration;
			buildSettings = {
				BUNDLE_LOADER = "$(TEST_HOST)";
				INFOPLIST_FILE = demo1Tests/Info.plist;
				LD_RUNPATH_SEARCH_PATHS = "$(inherited) @executable_path/Frameworks @loader_path/Frameworks";
				PRODUCT_BUNDLE_IDENTIFIER = nl.mprog.demo1Tests;
				PRODUCT_NAME = "$(TARGET_NAME)";
				TEST_HOST = "$(BUILT_PRODUCTS_DIR)/demo1.app/demo1";
			};
			name = Release;
		};
		B56ED7701CBBAFD80074B210 /* Debug */ = {
			isa = XCBuildConfiguration;
			buildSettings = {
				INFOPLIST_FILE = demo1UITests/Info.plist;
				LD_RUNPATH_SEARCH_PATHS = "$(inherited) @executable_path/Frameworks @loader_path/Frameworks";
				PRODUCT_BUNDLE_IDENTIFIER = nl.mprog.demo1UITests;
				PRODUCT_NAME = "$(TARGET_NAME)";
				TEST_TARGET_NAME = demo1;
			};
			name = Debug;
		};
		B56ED7711CBBAFD80074B210 /* Release */ = {
			isa = XCBuildConfiguration;
			buildSettings = {
				INFOPLIST_FILE = demo1UITests/Info.plist;
				LD_RUNPATH_SEARCH_PATHS = "$(inherited) @executable_path/Frameworks @loader_path/Frameworks";
				PRODUCT_BUNDLE_IDENTIFIER = nl.mprog.demo1UITests;
				PRODUCT_NAME = "$(TARGET_NAME)";
				TEST_TARGET_NAME = demo1;
			};
			name = Release;
		};
/* End XCBuildConfiguration section */

/* Begin XCConfigurationList section */
		B56ED7371CBBAFD70074B210 /* Build configuration list for PBXProject "demo1" */ = {
			isa = XCConfigurationList;
			buildConfigurations = (
				B56ED7671CBBAFD80074B210 /* Debug */,
				B56ED7681CBBAFD80074B210 /* Release */,
			);
			defaultConfigurationIsVisible = 0;
			defaultConfigurationName = Release;
		};
		B56ED7691CBBAFD80074B210 /* Build configuration list for PBXNativeTarget "demo1" */ = {
			isa = XCConfigurationList;
			buildConfigurations = (
				B56ED76A1CBBAFD80074B210 /* Debug */,
				B56ED76B1CBBAFD80074B210 /* Release */,
			);
			defaultConfigurationIsVisible = 0;
		};
		B56ED76C1CBBAFD80074B210 /* Build configuration list for PBXNativeTarget "demo1Tests" */ = {
			isa = XCConfigurationList;
			buildConfigurations = (
				B56ED76D1CBBAFD80074B210 /* Debug */,
				B56ED76E1CBBAFD80074B210 /* Release */,
			);
			defaultConfigurationIsVisible = 0;
		};
		B56ED76F1CBBAFD80074B210 /* Build configuration list for PBXNativeTarget "demo1UITests" */ = {
			isa = XCConfigurationList;
			buildConfigurations = (
				B56ED7701CBBAFD80074B210 /* Debug */,
				B56ED7711CBBAFD80074B210 /* Release */,
			);
			defaultConfigurationIsVisible = 0;
		};
/* End XCConfigurationList section */
	};
	rootObject = B56ED7341CBBAFD70074B210 /* Project object */;
}
